# @generated - this file is auto-generated by `mise lock` https://mise.jdx.dev/dev-tools/mise-lock.html

[[tools.rust]]
version = "stable"
backend = "core:rust"

[[tools.uv]]
version = "0.10.7"
backend = "aqua:astral-sh/uv"

[tools.uv."platforms.linux-arm64"]
checksum = "sha256:115291f9943531a3b63db3a2eabda8b74b8da4831551679382cb309c9debd9f7"
url = "https://github.com/astral-sh/uv/releases/download/0.10.7/uv-aarch64-unknown-linux-musl.tar.gz"
url_api = "https://api.github.com/repos/astral-sh/uv/releases/assets/363472138"
provenance = "github-attestations"

[tools.uv."platforms.linux-arm64-musl"]
checksum = "sha256:115291f9943531a3b63db3a2eabda8b74b8da4831551679382cb309c9debd9f7"
url = "https://github.com/astral-sh/uv/releases/download/0.10.7/uv-aarch64-unknown-linux-musl.tar.gz"
url_api = "https://api.github.com/repos/astral-sh/uv/releases/assets/363472138"
provenance = "github-attestations"

[tools.uv."platforms.linux-x64"]
checksum = "sha256:992529add6024e67135b1c80617abd2eca7be2cf0b99b3911f923de815bd8dc1"
url = "https://github.com/astral-sh/uv/releases/download/0.10.7/uv-x86_64-unknown-linux-musl.tar.gz"
url_api = "https://api.github.com/repos/astral-sh/uv/releases/assets/363472191"
provenance = "github-attestations"

[tools.uv."platforms.linux-x64-musl"]
checksum = "sha256:992529add6024e67135b1c80617abd2eca7be2cf0b99b3911f923de815bd8dc1"
url = "https://github.com/astral-sh/uv/releases/download/0.10.7/uv-x86_64-unknown-linux-musl.tar.gz"
url_api = "https://api.github.com/repos/astral-sh/uv/releases/assets/363472191"
provenance = "github-attestations"

[tools.uv."platforms.macos-arm64"]
checksum = "sha256:1eb4dcc5e0fc8669fa0b33cf1151b64ba3b8c26b60dceff4f7a686129e2af22b"
url = "https://github.com/astral-sh/uv/releases/download/0.10.7/uv-aarch64-apple-darwin.tar.gz"
url_api = "https://api.github.com/repos/astral-sh/uv/releases/assets/363472129"
provenance = "github-attestations"

[tools.uv."platforms.macos-x64"]
checksum = "sha256:4fed9d4f4608fb3850db714ee37244436f850a2b6e485bc510795679c2d08866"
url = "https://github.com/astral-sh/uv/releases/download/0.10.7/uv-x86_64-apple-darwin.tar.gz"
url_api = "https://api.github.com/repos/astral-sh/uv/releases/assets/363472182"
provenance = "github-attestations"

[tools.uv."platforms.windows-x64"]
checksum = "sha256:8881afb877996a1373a12e816395122a8d39a3ac06cd066272acdb49510cf0fe"
url = "https://github.com/astral-sh/uv/releases/download/0.10.7/uv-x86_64-pc-windows-msvc.zip"
url_api = "https://api.github.com/repos/astral-sh/uv/releases/assets/363472186"
provenance = "github-attestations"
